{
  "version": 4,
  "terraform_version": "1.5.2",
  "serial": 647,
  "lineage": "f4d3a149-e8b8-1609-c62e-ca0418a862c5",
  "outputs": {
    "ami_id": {
      "value": "ami-0b9ecf71fe947bbdd",
      "type": "string"
    }
  },
  "resources": [
    {
      "mode": "data",
      "type": "aws_ami",
      "name": "MY_AMI_ID",
      "provider": "provider[\"registry.terraform.io/hashicorp/aws\"]",
      "instances": [
        {
          "schema_version": 0,
          "attributes": {
            "architecture": "x86_64",
            "arn": "arn:aws:ec2:ap-south-1::image/ami-0b9ecf71fe947bbdd",
            "block_device_mappings": [
              {
                "device_name": "/dev/xvda",
                "ebs": {
                  "delete_on_termination": "true",
                  "encrypted": "false",
                  "iops": "3000",
                  "snapshot_id": "snap-0209f039aa346f758",
                  "throughput": "125",
                  "volume_size": "8",
                  "volume_type": "gp3"
                },
                "no_device": "",
                "virtual_name": ""
              }
            ],
            "boot_mode": "uefi-preferred",
            "creation_date": "2023-06-28T15:47:17.000Z",
            "deprecation_time": "2023-09-26T15:47:00.000Z",
            "description": "Amazon Linux 2023 AMI 2023.1.20230629.0 x86_64 HVM kernel-6.1",
            "ena_support": true,
            "executable_users": null,
            "filter": [
              {
                "name": "name",
                "values": [
                  "al2023-ami-2023.1.20230629.0-kernel-6.1-x86_64"
                ]
              },
              {
                "name": "root-device-type",
                "values": [
                  "ebs"
                ]
              },
              {
                "name": "virtualization-type",
                "values": [
                  "hvm"
                ]
              }
            ],
            "hypervisor": "xen",
            "id": "ami-0b9ecf71fe947bbdd",
            "image_id": "ami-0b9ecf71fe947bbdd",
            "image_location": "amazon/al2023-ami-2023.1.20230629.0-kernel-6.1-x86_64",
            "image_owner_alias": "amazon",
            "image_type": "machine",
            "imds_support": "v2.0",
            "include_deprecated": false,
            "kernel_id": "",
            "most_recent": true,
            "name": "al2023-ami-2023.1.20230629.0-kernel-6.1-x86_64",
            "name_regex": null,
            "owner_id": "137112412989",
            "owners": [
              "137112412989"
            ],
            "platform": "",
            "platform_details": "Linux/UNIX",
            "product_codes": [],
            "public": true,
            "ramdisk_id": "",
            "root_device_name": "/dev/xvda",
            "root_device_type": "ebs",
            "root_snapshot_id": "snap-0209f039aa346f758",
            "sriov_net_support": "simple",
            "state": "available",
            "state_reason": {
              "code": "UNSET",
              "message": "UNSET"
            },
            "tags": {},
            "timeouts": null,
            "tpm_support": "",
            "usage_operation": "RunInstances",
            "virtualization_type": "hvm"
          },
          "sensitive_attributes": []
        }
      ]
    },
    {
      "mode": "managed",
      "type": "aws_instance",
      "name": "public-ec2",
      "provider": "provider[\"registry.terraform.io/hashicorp/aws\"]",
      "instances": [
        {
          "schema_version": 1,
          "attributes": {
            "ami": "ami-0b9ecf71fe947bbdd",
            "arn": "arn:aws:ec2:ap-south-1:278128687158:instance/i-045e5145a9153624c",
            "associate_public_ip_address": true,
            "availability_zone": "ap-south-1a",
            "capacity_reservation_specification": [
              {
                "capacity_reservation_preference": "open",
                "capacity_reservation_target": []
              }
            ],
            "cpu_core_count": 1,
            "cpu_options": [
              {
                "amd_sev_snp": "",
                "core_count": 1,
                "threads_per_core": 1
              }
            ],
            "cpu_threads_per_core": 1,
            "credit_specification": [
              {
                "cpu_credits": "standard"
              }
            ],
            "disable_api_stop": false,
            "disable_api_termination": false,
            "ebs_block_device": [],
            "ebs_optimized": false,
            "enclave_options": [
              {
                "enabled": false
              }
            ],
            "ephemeral_block_device": [],
            "get_password_data": false,
            "hibernation": false,
            "host_id": "",
            "host_resource_group_arn": null,
            "iam_instance_profile": "",
            "id": "i-045e5145a9153624c",
            "instance_initiated_shutdown_behavior": "stop",
            "instance_lifecycle": "",
            "instance_market_options": [],
            "instance_state": "running",
            "instance_type": "t2.micro",
            "ipv6_address_count": 0,
            "ipv6_addresses": [],
            "key_name": "TEST",
            "launch_template": [],
            "maintenance_options": [
              {
                "auto_recovery": "default"
              }
            ],
            "metadata_options": [
              {
                "http_endpoint": "enabled",
                "http_put_response_hop_limit": 2,
                "http_tokens": "required",
                "instance_metadata_tags": "disabled"
              }
            ],
            "monitoring": false,
            "network_interface": [],
            "outpost_arn": "",
            "password_data": "",
            "placement_group": "",
            "placement_partition_number": 0,
            "primary_network_interface_id": "eni-0c43733a4f88c8210",
            "private_dns": "ip-10-0-0-201.ap-south-1.compute.internal",
            "private_dns_name_options": [
              {
                "enable_resource_name_dns_a_record": false,
                "enable_resource_name_dns_aaaa_record": false,
                "hostname_type": "ip-name"
              }
            ],
            "private_ip": "10.0.0.201",
            "public_dns": "ec2-13-127-214-14.ap-south-1.compute.amazonaws.com",
            "public_ip": "13.127.214.14",
            "root_block_device": [
              {
                "delete_on_termination": true,
                "device_name": "/dev/xvda",
                "encrypted": false,
                "iops": 3000,
                "kms_key_id": "",
                "tags": {},
                "throughput": 125,
                "volume_id": "vol-0e757d59cc1575769",
                "volume_size": 8,
                "volume_type": "gp3"
              }
            ],
            "secondary_private_ips": [],
            "security_groups": [
              "sg-038552f8160626f7b"
            ],
            "source_dest_check": true,
            "spot_instance_request_id": "",
            "subnet_id": "subnet-0b08ef24d1de5d572",
            "tags": {
              "Name": "EC2-PUBLIC"
            },
            "tags_all": {
              "Name": "EC2-PUBLIC"
            },
            "tenancy": "default",
            "timeouts": null,
            "user_data": "137b6e78b4294cb3f462a1acbcb6d4176f5cfdd2",
            "user_data_base64": null,
            "user_data_replace_on_change": false,
            "volume_tags": null,
            "vpc_security_group_ids": [
              "sg-038552f8160626f7b"
            ]
          },
          "sensitive_attributes": [],
          "private": "eyJlMmJmYjczMC1lY2FhLTExZTYtOGY4OC0zNDM2M2JjN2M0YzAiOnsiY3JlYXRlIjo2MDAwMDAwMDAwMDAsImRlbGV0ZSI6MTIwMDAwMDAwMDAwMCwidXBkYXRlIjo2MDAwMDAwMDAwMDB9LCJzY2hlbWFfdmVyc2lvbiI6IjEifQ==",
          "dependencies": [
            "aws_security_group.ssh-security-grp",
            "aws_subnet.public-subnet-1",
            "aws_vpc.vpc",
            "data.aws_ami.MY_AMI_ID"
          ],
          "create_before_destroy": true
        }
      ]
    },
    {
      "mode": "managed",
      "type": "aws_internet_gateway",
      "name": "MY_IGW",
      "provider": "provider[\"registry.terraform.io/hashicorp/aws\"]",
      "instances": [
        {
          "schema_version": 0,
          "attributes": {
            "arn": "arn:aws:ec2:ap-south-1:278128687158:internet-gateway/igw-04df09bde8725eee8",
            "id": "igw-04df09bde8725eee8",
            "owner_id": "278128687158",
            "tags": {
              "Name": "my_gateway"
            },
            "tags_all": {
              "Name": "my_gateway"
            },
            "timeouts": null,
            "vpc_id": "vpc-0a0ea5a4843c7ab72"
          },
          "sensitive_attributes": [],
          "private": "eyJlMmJmYjczMC1lY2FhLTExZTYtOGY4OC0zNDM2M2JjN2M0YzAiOnsiY3JlYXRlIjoxMjAwMDAwMDAwMDAwLCJkZWxldGUiOjEyMDAwMDAwMDAwMDAsInVwZGF0ZSI6MTIwMDAwMDAwMDAwMH19",
          "dependencies": [
            "aws_vpc.vpc"
          ]
        }
      ]
    },
    {
      "mode": "managed",
      "type": "aws_key_pair",
      "name": "TEST",
      "provider": "provider[\"registry.terraform.io/hashicorp/aws\"]",
      "instances": [
        {
          "schema_version": 1,
          "attributes": {
            "arn": "arn:aws:ec2:ap-south-1:278128687158:key-pair/TEST",
            "fingerprint": "48:05:97:6c:c5:f5:0b:fb:c9:a8:6f:d2:32:34:16:3e",
            "id": "TEST",
            "key_name": "TEST",
            "key_name_prefix": "",
            "key_pair_id": "key-0144bffcba53040c8",
            "key_type": "rsa",
            "public_key": "ssh-rsa AAAAB3NzaC1yc2EAAAADAQABAAABAQDlVwOlu9SDTn4DoClruSPBlBor5CN25e8OfybaXPH8EeYBVnDfWGcy52JFmwtLn0az1CJNcuDCgKJEwbL4fRIkl4iO3n7tyDoJNT+b8Ipm8JH7Q23Ng+tzs1FoaJDZVT2MbhK0JE4vPAPAC7vtT3NJwqunmf+ZPntc3bv2X7HH5j8j89nLdStKxAJThHG9Q0TmFXEJb5QIhSFynLC29P/QDh9WDDmJC4pnSpqiGtMe7Q/FRnlZSCeuEE2htr1jVhjQK6Ol10TAGCUgDIQqZXrStnhjHfy/PAzbFW/6mu0/mSezqKr2lB9g5yXWFtRsA1/HVR3v+HnWc5AsRzbYqdXb",
            "tags": null,
            "tags_all": {}
          },
          "sensitive_attributes": [],
          "private": "eyJzY2hlbWFfdmVyc2lvbiI6IjEifQ==",
          "dependencies": [
            "tls_private_key.Tkey"
          ]
        }
      ]
    },
    {
      "mode": "managed",
      "type": "aws_route_table",
      "name": "Public-RT",
      "provider": "provider[\"registry.terraform.io/hashicorp/aws\"]",
      "instances": [
        {
          "schema_version": 0,
          "attributes": {
            "arn": "arn:aws:ec2:ap-south-1:278128687158:route-table/rtb-0a3a29d66b5916298",
            "id": "rtb-0a3a29d66b5916298",
            "owner_id": "278128687158",
            "propagating_vgws": [],
            "route": [
              {
                "carrier_gateway_id": "",
                "cidr_block": "0.0.0.0/0",
                "core_network_arn": "",
                "destination_prefix_list_id": "",
                "egress_only_gateway_id": "",
                "gateway_id": "igw-04df09bde8725eee8",
                "ipv6_cidr_block": "",
                "local_gateway_id": "",
                "nat_gateway_id": "",
                "network_interface_id": "",
                "transit_gateway_id": "",
                "vpc_endpoint_id": "",
                "vpc_peering_connection_id": ""
              }
            ],
            "tags": {
              "Name": "Pub-route"
            },
            "tags_all": {
              "Name": "Pub-route"
            },
            "timeouts": null,
            "vpc_id": "vpc-0a0ea5a4843c7ab72"
          },
          "sensitive_attributes": [],
          "private": "eyJlMmJmYjczMC1lY2FhLTExZTYtOGY4OC0zNDM2M2JjN2M0YzAiOnsiY3JlYXRlIjozMDAwMDAwMDAwMDAsImRlbGV0ZSI6MzAwMDAwMDAwMDAwLCJ1cGRhdGUiOjEyMDAwMDAwMDAwMH19",
          "dependencies": [
            "aws_internet_gateway.MY_IGW",
            "aws_vpc.vpc"
          ]
        }
      ]
    },
    {
      "mode": "managed",
      "type": "aws_route_table_association",
      "name": "public-RT-assocation",
      "provider": "provider[\"registry.terraform.io/hashicorp/aws\"]",
      "instances": [
        {
          "schema_version": 0,
          "attributes": {
            "gateway_id": "",
            "id": "rtbassoc-0a33f4ec7de0a0581",
            "route_table_id": "rtb-0a3a29d66b5916298",
            "subnet_id": "subnet-0b08ef24d1de5d572",
            "timeouts": null
          },
          "sensitive_attributes": [],
          "private": "eyJlMmJmYjczMC1lY2FhLTExZTYtOGY4OC0zNDM2M2JjN2M0YzAiOnsiY3JlYXRlIjozMDAwMDAwMDAwMDAsImRlbGV0ZSI6MzAwMDAwMDAwMDAwLCJ1cGRhdGUiOjEyMDAwMDAwMDAwMH19",
          "dependencies": [
            "aws_internet_gateway.MY_IGW",
            "aws_route_table.Public-RT",
            "aws_subnet.public-subnet-1",
            "aws_vpc.vpc"
          ]
        }
      ]
    },
    {
      "mode": "managed",
      "type": "aws_security_group",
      "name": "ssh-security-grp",
      "provider": "provider[\"registry.terraform.io/hashicorp/aws\"]",
      "instances": [
        {
          "schema_version": 1,
          "attributes": {
            "arn": "arn:aws:ec2:ap-south-1:278128687158:security-group/sg-038552f8160626f7b",
            "description": "Enable SSH connection for Bastion",
            "egress": [
              {
                "cidr_blocks": [
                  "0.0.0.0/0"
                ],
                "description": "",
                "from_port": 0,
                "ipv6_cidr_blocks": [],
                "prefix_list_ids": [],
                "protocol": "-1",
                "security_groups": [],
                "self": false,
                "to_port": 0
              }
            ],
            "id": "sg-038552f8160626f7b",
            "ingress": [
              {
                "cidr_blocks": [
                  "0.0.0.0/0"
                ],
                "description": "SSH Access",
                "from_port": 0,
                "ipv6_cidr_blocks": [],
                "prefix_list_ids": [],
                "protocol": "-1",
                "security_groups": [],
                "self": false,
                "to_port": 0
              }
            ],
            "name": "SSh-security-grp-Bastion",
            "name_prefix": "",
            "owner_id": "278128687158",
            "revoke_rules_on_delete": false,
            "tags": {
              "Name": "SSh security Group"
            },
            "tags_all": {
              "Name": "SSh security Group"
            },
            "timeouts": null,
            "vpc_id": "vpc-0a0ea5a4843c7ab72"
          },
          "sensitive_attributes": [],
          "private": "eyJlMmJmYjczMC1lY2FhLTExZTYtOGY4OC0zNDM2M2JjN2M0YzAiOnsiY3JlYXRlIjo2MDAwMDAwMDAwMDAsImRlbGV0ZSI6OTAwMDAwMDAwMDAwfSwic2NoZW1hX3ZlcnNpb24iOiIxIn0=",
          "dependencies": [
            "aws_vpc.vpc"
          ],
          "create_before_destroy": true
        }
      ]
    },
    {
      "mode": "managed",
      "type": "aws_subnet",
      "name": "private-subnet-1",
      "provider": "provider[\"registry.terraform.io/hashicorp/aws\"]",
      "instances": [
        {
          "schema_version": 1,
          "attributes": {
            "arn": "arn:aws:ec2:ap-south-1:278128687158:subnet/subnet-0981233f120d32f0a",
            "assign_ipv6_address_on_creation": false,
            "availability_zone": "ap-south-1b",
            "availability_zone_id": "aps1-az3",
            "cidr_block": "10.0.1.0/24",
            "customer_owned_ipv4_pool": "",
            "enable_dns64": false,
            "enable_lni_at_device_index": 0,
            "enable_resource_name_dns_a_record_on_launch": false,
            "enable_resource_name_dns_aaaa_record_on_launch": false,
            "id": "subnet-0981233f120d32f0a",
            "ipv6_cidr_block": "",
            "ipv6_cidr_block_association_id": "",
            "ipv6_native": false,
            "map_customer_owned_ip_on_launch": false,
            "map_public_ip_on_launch": false,
            "outpost_arn": "",
            "owner_id": "278128687158",
            "private_dns_hostname_type_on_launch": "ip-name",
            "tags": {
              "Name": "Private-Sub"
            },
            "tags_all": {
              "Name": "Private-Sub"
            },
            "timeouts": null,
            "vpc_id": "vpc-0a0ea5a4843c7ab72"
          },
          "sensitive_attributes": [],
          "private": "eyJlMmJmYjczMC1lY2FhLTExZTYtOGY4OC0zNDM2M2JjN2M0YzAiOnsiY3JlYXRlIjo2MDAwMDAwMDAwMDAsImRlbGV0ZSI6MTIwMDAwMDAwMDAwMH0sInNjaGVtYV92ZXJzaW9uIjoiMSJ9",
          "dependencies": [
            "aws_vpc.vpc"
          ]
        }
      ]
    },
    {
      "mode": "managed",
      "type": "aws_subnet",
      "name": "public-subnet-1",
      "provider": "provider[\"registry.terraform.io/hashicorp/aws\"]",
      "instances": [
        {
          "schema_version": 1,
          "attributes": {
            "arn": "arn:aws:ec2:ap-south-1:278128687158:subnet/subnet-0b08ef24d1de5d572",
            "assign_ipv6_address_on_creation": false,
            "availability_zone": "ap-south-1a",
            "availability_zone_id": "aps1-az1",
            "cidr_block": "10.0.0.0/24",
            "customer_owned_ipv4_pool": "",
            "enable_dns64": false,
            "enable_lni_at_device_index": 0,
            "enable_resource_name_dns_a_record_on_launch": false,
            "enable_resource_name_dns_aaaa_record_on_launch": false,
            "id": "subnet-0b08ef24d1de5d572",
            "ipv6_cidr_block": "",
            "ipv6_cidr_block_association_id": "",
            "ipv6_native": false,
            "map_customer_owned_ip_on_launch": false,
            "map_public_ip_on_launch": true,
            "outpost_arn": "",
            "owner_id": "278128687158",
            "private_dns_hostname_type_on_launch": "ip-name",
            "tags": {
              "Name": "Pub-Sub-1"
            },
            "tags_all": {
              "Name": "Pub-Sub-1"
            },
            "timeouts": null,
            "vpc_id": "vpc-0a0ea5a4843c7ab72"
          },
          "sensitive_attributes": [],
          "private": "eyJlMmJmYjczMC1lY2FhLTExZTYtOGY4OC0zNDM2M2JjN2M0YzAiOnsiY3JlYXRlIjo2MDAwMDAwMDAwMDAsImRlbGV0ZSI6MTIwMDAwMDAwMDAwMH0sInNjaGVtYV92ZXJzaW9uIjoiMSJ9",
          "dependencies": [
            "aws_vpc.vpc"
          ],
          "create_before_destroy": true
        }
      ]
    },
    {
      "mode": "managed",
      "type": "aws_vpc",
      "name": "vpc",
      "provider": "provider[\"registry.terraform.io/hashicorp/aws\"]",
      "instances": [
        {
          "schema_version": 1,
          "attributes": {
            "arn": "arn:aws:ec2:ap-south-1:278128687158:vpc/vpc-0a0ea5a4843c7ab72",
            "assign_generated_ipv6_cidr_block": false,
            "cidr_block": "10.0.0.0/16",
            "default_network_acl_id": "acl-083102e1e09335c24",
            "default_route_table_id": "rtb-03d0f54e3ff5ff183",
            "default_security_group_id": "sg-04a817c50db7c536c",
            "dhcp_options_id": "dopt-0f09bc2f2c9f5d89e",
            "enable_dns_hostnames": true,
            "enable_dns_support": true,
            "enable_network_address_usage_metrics": false,
            "id": "vpc-0a0ea5a4843c7ab72",
            "instance_tenancy": "default",
            "ipv4_ipam_pool_id": null,
            "ipv4_netmask_length": null,
            "ipv6_association_id": "",
            "ipv6_cidr_block": "",
            "ipv6_cidr_block_network_border_group": "",
            "ipv6_ipam_pool_id": "",
            "ipv6_netmask_length": 0,
            "main_route_table_id": "rtb-03d0f54e3ff5ff183",
            "owner_id": "278128687158",
            "tags": {
              "Name": "Test_vpc"
            },
            "tags_all": {
              "Name": "Test_vpc"
            }
          },
          "sensitive_attributes": [],
          "private": "eyJzY2hlbWFfdmVyc2lvbiI6IjEifQ==",
          "create_before_destroy": true
        }
      ]
    },
    {
      "mode": "managed",
      "type": "local_file",
      "name": "TF_key",
      "provider": "provider[\"registry.terraform.io/hashicorp/local\"]",
      "instances": [
        {
          "schema_version": 0,
          "attributes": {
            "content": "-----BEGIN RSA PRIVATE KEY-----\nMIIEowIBAAKCAQEA5VcDpbvUg05+A6Apa7kjwZQaK+QjduXvDn8m2lzx/BHmAVZw\n31hnMudiRZsLS59Gs9QiTXLgwoCiRMGy+H0SJJeIjt5+7cg6CTU/m/CKZvCR+0Nt\nzYPrc7NRaGiQ2VU9jG4StCROLzwDwAu77U9zScKrp5n/mT57XN279l+xx+Y/I/PZ\ny3UrSsQCU4RxvUNE5hVxCW+UCIUhcpywtvT/0A4fVgw5iQuKZ0qaohrTHu0PxUZ5\nWUgnrhBNoba9Y1YY0CujpddEwBglIAyEKmV60rZ4Yx38vzwM2xVv+prtP5kns6iq\n9pQfYOcl1hbUbANfx1Ud7/h51nOQLEc22KnV2wIDAQABAoIBAHjQKd+43u58/u0y\nBh/1W9yyBEdy2yvbXN+qI/GMXP2JAD1cKAHAND0gnyhD0ON5eGlrKtbZ2YUc9l56\nG6nDWTdljE6W7w6cF9aZ8nRXdtFbkctnbgSBphtBL3VtAEE9IjtEER5MsdM4LlGQ\n3OLao8ULhBm6imdT/vCg7k+Pgbvnk4CA3UrKPzP7VKC+/nTfA+3CQf4AqkO45IY0\n5pvWrMniPIgn1aajDz5auktLj5FafA82nv3iyozfe4nKHnvYUu32yNoR98Io6B1g\nngLCOQUbKLAJQdCVGXRzPk6AHfRLO1KY0a2CylaAFqwbBtx2rbAoFCN/8FYWNpGd\nHnxA+cECgYEA6GB1fBTBhJ83jEwfafvx9IUYtAtzeBnh6eg0kxAfXQ1F6FPJ2kj3\n9Kc9Nj/zhl2SkEf0y1rx5e8gvfUXiDWBPgf+HSx5mpWoVNDBAqBmE3hMnFVWTb5Z\nKE6mGaAOu+pMkt/TO6CMKYF6i+J/hSMsTA7rGNrkFyMOilSOU1bVXYkCgYEA/KeF\nYd5kFjTydYYqoncnyIck5oPSs3cF3bSh+jtGo0LN3LRWneeYCPDyqcYnsZ+7oDFH\nfWBK3StjpkQlLqs3IQfgPR4FLH5Aovi134mzB4396WCbgV82/rKaUxuXC4rqpSgo\nVYOdqIIu5hayTvZIkmi7nSAVRs4KYBnWfTo7w0MCgYEA2TgB2qFUXHKw7DbkTqAz\nBs27z+G8aJJZOdvT+XzitIsJxCk+0QvQrSP/9kxFil7B+Jkq3UUARl4ID0miW7MY\nQzIZeo/uhHBNUCtroNbrVFvp0WF8MWQz15fdcKrL2yEjv0/3Fw/2tX3RXh218nB0\nogx3+13yRSaCGxD7ki/jd3ECgYB2HSLABCWqNAp9YsGfvjC9EGDx2wKvn58AbKek\nwf1d6acv3Kb5nwF2fJ4VPGvmIBSo6SDQvimBh/1IB2eSj7xwFqyAJf6pNESna7oq\nzMcDayAe8GkCbC7bl0eKPsW4QbM8jq98etFDq8idDFNDkuOOfqPm6s7HkR9Mmgep\n94Vk3QKBgAgBRQRlpexdqO0Q0fj7sdkjUttCPeIGtWw/yBEKdGqc1HVJtfJUwfm5\nzhH/bV1J2v5aqrUbqwe/nBD5JkKmcbsVfRpDmSQdR4YepwufIrQg/eklyLFesECl\n/pEzVKiDWaKe2Jd/zjhvykfHj2f/vSnPGPlbjp1Dbw1jqEYwtpmS\n-----END RSA PRIVATE KEY-----\n",
            "content_base64": null,
            "content_base64sha256": "gFq7TFpShde/GpHB1L/DWwuALdWPpC1FgtcuwGEUx+U=",
            "content_base64sha512": "FUQggOuRYG/0XH84nVhZjGDa388E32OG3gBLeM0ccfNoNgOTYkoKXb4M/HEZmHjmyTOOrTWGIsB/wRRD/e85Qw==",
            "content_md5": "286271f21388d6093f6cc8b4747c68fe",
            "content_sha1": "648d3e4dcf5ee28a706a6e414bbe73dc1395543b",
            "content_sha256": "805abb4c5a5285d7bf1a91c1d4bfc35b0b802dd58fa42d4582d72ec06114c7e5",
            "content_sha512": "15442080eb91606ff45c7f389d58598c60dadfcf04df6386de004b78cd1c71f368360393624a0a5dbe0cfc71199878e6c9338ead358622c07fc11443fdef3943",
            "directory_permission": "0777",
            "file_permission": "0400",
            "filename": "Tkey",
            "id": "648d3e4dcf5ee28a706a6e414bbe73dc1395543b",
            "sensitive_content": null,
            "source": null
          },
          "sensitive_attributes": [
            [
              {
                "type": "get_attr",
                "value": "content"
              }
            ]
          ],
          "dependencies": [
            "tls_private_key.Tkey"
          ]
        }
      ]
    },
    {
      "mode": "managed",
      "type": "tls_private_key",
      "name": "Tkey",
      "provider": "provider[\"registry.terraform.io/hashicorp/tls\"]",
      "instances": [
        {
          "schema_version": 1,
          "attributes": {
            "algorithm": "RSA",
            "ecdsa_curve": "P224",
            "id": "402ac46b61dbd6a51ae5383694d9b460051af1c2",
            "private_key_openssh": "-----BEGIN OPENSSH PRIVATE KEY-----\nb3BlbnNzaC1rZXktdjEAAAAABG5vbmUAAAAEbm9uZQAAAAAAAAABAAABFwAAAAdz\nc2gtcnNhAAAAAwEAAQAAAQEA5VcDpbvUg05+A6Apa7kjwZQaK+QjduXvDn8m2lzx\n/BHmAVZw31hnMudiRZsLS59Gs9QiTXLgwoCiRMGy+H0SJJeIjt5+7cg6CTU/m/CK\nZvCR+0NtzYPrc7NRaGiQ2VU9jG4StCROLzwDwAu77U9zScKrp5n/mT57XN279l+x\nx+Y/I/PZy3UrSsQCU4RxvUNE5hVxCW+UCIUhcpywtvT/0A4fVgw5iQuKZ0qaohrT\nHu0PxUZ5WUgnrhBNoba9Y1YY0CujpddEwBglIAyEKmV60rZ4Yx38vzwM2xVv+prt\nP5kns6iq9pQfYOcl1hbUbANfx1Ud7/h51nOQLEc22KnV2wAAA7iaKZ2QmimdkAAA\nAAdzc2gtcnNhAAABAQDlVwOlu9SDTn4DoClruSPBlBor5CN25e8OfybaXPH8EeYB\nVnDfWGcy52JFmwtLn0az1CJNcuDCgKJEwbL4fRIkl4iO3n7tyDoJNT+b8Ipm8JH7\nQ23Ng+tzs1FoaJDZVT2MbhK0JE4vPAPAC7vtT3NJwqunmf+ZPntc3bv2X7HH5j8j\n89nLdStKxAJThHG9Q0TmFXEJb5QIhSFynLC29P/QDh9WDDmJC4pnSpqiGtMe7Q/F\nRnlZSCeuEE2htr1jVhjQK6Ol10TAGCUgDIQqZXrStnhjHfy/PAzbFW/6mu0/mSez\nqKr2lB9g5yXWFtRsA1/HVR3v+HnWc5AsRzbYqdXbAAAAAwEAAQAAAQB40CnfuN7u\nfP7tMgYf9VvcsgRHctsr21zfqiPxjFz9iQA9XCgBwDQ9IJ8oQ9DjeXhpayrW2dmF\nHPZeehupw1k3ZYxOlu8OnBfWmfJ0V3bRW5HLZ24EgaYbQS91bQBBPSI7RBEeTLHT\nOC5RkNzi2qPFC4QZuopnU/7woO5Pj4G755OAgN1Kyj8z+1Sgvv503wPtwkH+AKpD\nuOSGNOab1qzJ4jyIJ9Wmow8+WrpLS4+RWnwPNp794sqM33uJyh572FLt9sjaEffC\nKOgdYJ4CwjkFGyiwCUHQlRl0cz5OgB30SztSmNGtgspWgBasGwbcdq2wKBQjf/BW\nFjaRnR58QPnBAAAAgAgBRQRlpexdqO0Q0fj7sdkjUttCPeIGtWw/yBEKdGqc1HVJ\ntfJUwfm5zhH/bV1J2v5aqrUbqwe/nBD5JkKmcbsVfRpDmSQdR4YepwufIrQg/ekl\nyLFesECl/pEzVKiDWaKe2Jd/zjhvykfHj2f/vSnPGPlbjp1Dbw1jqEYwtpmSAAAA\ngQDoYHV8FMGEnzeMTB9p+/H0hRi0C3N4GeHp6DSTEB9dDUXoU8naSPf0pz02P/OG\nXZKQR/TLWvHl7yC99ReINYE+B/4dLHmalahU0MECoGYTeEycVVZNvlkoTqYZoA67\n6kyS39M7oIwpgXqL4n+FIyxMDusY2uQXIw6KVI5TVtVdiQAAAIEA/KeFYd5kFjTy\ndYYqoncnyIck5oPSs3cF3bSh+jtGo0LN3LRWneeYCPDyqcYnsZ+7oDFHfWBK3Stj\npkQlLqs3IQfgPR4FLH5Aovi134mzB4396WCbgV82/rKaUxuXC4rqpSgoVYOdqIIu\n5hayTvZIkmi7nSAVRs4KYBnWfTo7w0MAAAAAAQID\n-----END OPENSSH PRIVATE KEY-----\n",
            "private_key_pem": "-----BEGIN RSA PRIVATE KEY-----\nMIIEowIBAAKCAQEA5VcDpbvUg05+A6Apa7kjwZQaK+QjduXvDn8m2lzx/BHmAVZw\n31hnMudiRZsLS59Gs9QiTXLgwoCiRMGy+H0SJJeIjt5+7cg6CTU/m/CKZvCR+0Nt\nzYPrc7NRaGiQ2VU9jG4StCROLzwDwAu77U9zScKrp5n/mT57XN279l+xx+Y/I/PZ\ny3UrSsQCU4RxvUNE5hVxCW+UCIUhcpywtvT/0A4fVgw5iQuKZ0qaohrTHu0PxUZ5\nWUgnrhBNoba9Y1YY0CujpddEwBglIAyEKmV60rZ4Yx38vzwM2xVv+prtP5kns6iq\n9pQfYOcl1hbUbANfx1Ud7/h51nOQLEc22KnV2wIDAQABAoIBAHjQKd+43u58/u0y\nBh/1W9yyBEdy2yvbXN+qI/GMXP2JAD1cKAHAND0gnyhD0ON5eGlrKtbZ2YUc9l56\nG6nDWTdljE6W7w6cF9aZ8nRXdtFbkctnbgSBphtBL3VtAEE9IjtEER5MsdM4LlGQ\n3OLao8ULhBm6imdT/vCg7k+Pgbvnk4CA3UrKPzP7VKC+/nTfA+3CQf4AqkO45IY0\n5pvWrMniPIgn1aajDz5auktLj5FafA82nv3iyozfe4nKHnvYUu32yNoR98Io6B1g\nngLCOQUbKLAJQdCVGXRzPk6AHfRLO1KY0a2CylaAFqwbBtx2rbAoFCN/8FYWNpGd\nHnxA+cECgYEA6GB1fBTBhJ83jEwfafvx9IUYtAtzeBnh6eg0kxAfXQ1F6FPJ2kj3\n9Kc9Nj/zhl2SkEf0y1rx5e8gvfUXiDWBPgf+HSx5mpWoVNDBAqBmE3hMnFVWTb5Z\nKE6mGaAOu+pMkt/TO6CMKYF6i+J/hSMsTA7rGNrkFyMOilSOU1bVXYkCgYEA/KeF\nYd5kFjTydYYqoncnyIck5oPSs3cF3bSh+jtGo0LN3LRWneeYCPDyqcYnsZ+7oDFH\nfWBK3StjpkQlLqs3IQfgPR4FLH5Aovi134mzB4396WCbgV82/rKaUxuXC4rqpSgo\nVYOdqIIu5hayTvZIkmi7nSAVRs4KYBnWfTo7w0MCgYEA2TgB2qFUXHKw7DbkTqAz\nBs27z+G8aJJZOdvT+XzitIsJxCk+0QvQrSP/9kxFil7B+Jkq3UUARl4ID0miW7MY\nQzIZeo/uhHBNUCtroNbrVFvp0WF8MWQz15fdcKrL2yEjv0/3Fw/2tX3RXh218nB0\nogx3+13yRSaCGxD7ki/jd3ECgYB2HSLABCWqNAp9YsGfvjC9EGDx2wKvn58AbKek\nwf1d6acv3Kb5nwF2fJ4VPGvmIBSo6SDQvimBh/1IB2eSj7xwFqyAJf6pNESna7oq\nzMcDayAe8GkCbC7bl0eKPsW4QbM8jq98etFDq8idDFNDkuOOfqPm6s7HkR9Mmgep\n94Vk3QKBgAgBRQRlpexdqO0Q0fj7sdkjUttCPeIGtWw/yBEKdGqc1HVJtfJUwfm5\nzhH/bV1J2v5aqrUbqwe/nBD5JkKmcbsVfRpDmSQdR4YepwufIrQg/eklyLFesECl\n/pEzVKiDWaKe2Jd/zjhvykfHj2f/vSnPGPlbjp1Dbw1jqEYwtpmS\n-----END RSA PRIVATE KEY-----\n",
            "private_key_pem_pkcs8": "-----BEGIN PRIVATE KEY-----\nMIIEvQIBADANBgkqhkiG9w0BAQEFAASCBKcwggSjAgEAAoIBAQDlVwOlu9SDTn4D\noClruSPBlBor5CN25e8OfybaXPH8EeYBVnDfWGcy52JFmwtLn0az1CJNcuDCgKJE\nwbL4fRIkl4iO3n7tyDoJNT+b8Ipm8JH7Q23Ng+tzs1FoaJDZVT2MbhK0JE4vPAPA\nC7vtT3NJwqunmf+ZPntc3bv2X7HH5j8j89nLdStKxAJThHG9Q0TmFXEJb5QIhSFy\nnLC29P/QDh9WDDmJC4pnSpqiGtMe7Q/FRnlZSCeuEE2htr1jVhjQK6Ol10TAGCUg\nDIQqZXrStnhjHfy/PAzbFW/6mu0/mSezqKr2lB9g5yXWFtRsA1/HVR3v+HnWc5As\nRzbYqdXbAgMBAAECggEAeNAp37je7nz+7TIGH/Vb3LIER3LbK9tc36oj8Yxc/YkA\nPVwoAcA0PSCfKEPQ43l4aWsq1tnZhRz2XnobqcNZN2WMTpbvDpwX1pnydFd20VuR\ny2duBIGmG0EvdW0AQT0iO0QRHkyx0zguUZDc4tqjxQuEGbqKZ1P+8KDuT4+Bu+eT\ngIDdSso/M/tUoL7+dN8D7cJB/gCqQ7jkhjTmm9asyeI8iCfVpqMPPlq6S0uPkVp8\nDzae/eLKjN97icoee9hS7fbI2hH3wijoHWCeAsI5BRsosAlB0JUZdHM+ToAd9Es7\nUpjRrYLKVoAWrBsG3HatsCgUI3/wVhY2kZ0efED5wQKBgQDoYHV8FMGEnzeMTB9p\n+/H0hRi0C3N4GeHp6DSTEB9dDUXoU8naSPf0pz02P/OGXZKQR/TLWvHl7yC99ReI\nNYE+B/4dLHmalahU0MECoGYTeEycVVZNvlkoTqYZoA676kyS39M7oIwpgXqL4n+F\nIyxMDusY2uQXIw6KVI5TVtVdiQKBgQD8p4Vh3mQWNPJ1hiqidyfIhyTmg9KzdwXd\ntKH6O0ajQs3ctFad55gI8PKpxiexn7ugMUd9YErdK2OmRCUuqzchB+A9HgUsfkCi\n+LXfibMHjf3pYJuBXzb+sppTG5cLiuqlKChVg52ogi7mFrJO9kiSaLudIBVGzgpg\nGdZ9OjvDQwKBgQDZOAHaoVRccrDsNuROoDMGzbvP4bxoklk529P5fOK0iwnEKT7R\nC9CtI//2TEWKXsH4mSrdRQBGXggPSaJbsxhDMhl6j+6EcE1QK2ug1utUW+nRYXwx\nZDPXl91wqsvbISO/T/cXD/a1fdFeHbXycHSiDHf7XfJFJoIbEPuSL+N3cQKBgHYd\nIsAEJao0Cn1iwZ++ML0QYPHbAq+fnwBsp6TB/V3ppy/cpvmfAXZ8nhU8a+YgFKjp\nINC+KYGH/UgHZ5KPvHAWrIAl/qk0RKdruirMxwNrIB7waQJsLtuXR4o+xbhBszyO\nr3x60UOryJ0MU0OS445+o+bqzseRH0yaB6n3hWTdAoGACAFFBGWl7F2o7RDR+Pux\n2SNS20I94ga1bD/IEQp0apzUdUm18lTB+bnOEf9tXUna/lqqtRurB7+cEPkmQqZx\nuxV9GkOZJB1Hhh6nC58itCD96SXIsV6wQKX+kTNUqINZop7Yl3/OOG/KR8ePZ/+9\nKc8Y+VuOnUNvDWOoRjC2mZI=\n-----END PRIVATE KEY-----\n",
            "public_key_fingerprint_md5": "1e:0d:33:98:50:1d:2c:a2:f5:1e:d5:15:a0:52:84:30",
            "public_key_fingerprint_sha256": "SHA256:27FmO1ybzy/SQhi97AGmQws/FYC0XKTyxnUA8F25e+c",
            "public_key_openssh": "ssh-rsa AAAAB3NzaC1yc2EAAAADAQABAAABAQDlVwOlu9SDTn4DoClruSPBlBor5CN25e8OfybaXPH8EeYBVnDfWGcy52JFmwtLn0az1CJNcuDCgKJEwbL4fRIkl4iO3n7tyDoJNT+b8Ipm8JH7Q23Ng+tzs1FoaJDZVT2MbhK0JE4vPAPAC7vtT3NJwqunmf+ZPntc3bv2X7HH5j8j89nLdStKxAJThHG9Q0TmFXEJb5QIhSFynLC29P/QDh9WDDmJC4pnSpqiGtMe7Q/FRnlZSCeuEE2htr1jVhjQK6Ol10TAGCUgDIQqZXrStnhjHfy/PAzbFW/6mu0/mSezqKr2lB9g5yXWFtRsA1/HVR3v+HnWc5AsRzbYqdXb\n",
            "public_key_pem": "-----BEGIN PUBLIC KEY-----\nMIIBIjANBgkqhkiG9w0BAQEFAAOCAQ8AMIIBCgKCAQEA5VcDpbvUg05+A6Apa7kj\nwZQaK+QjduXvDn8m2lzx/BHmAVZw31hnMudiRZsLS59Gs9QiTXLgwoCiRMGy+H0S\nJJeIjt5+7cg6CTU/m/CKZvCR+0NtzYPrc7NRaGiQ2VU9jG4StCROLzwDwAu77U9z\nScKrp5n/mT57XN279l+xx+Y/I/PZy3UrSsQCU4RxvUNE5hVxCW+UCIUhcpywtvT/\n0A4fVgw5iQuKZ0qaohrTHu0PxUZ5WUgnrhBNoba9Y1YY0CujpddEwBglIAyEKmV6\n0rZ4Yx38vzwM2xVv+prtP5kns6iq9pQfYOcl1hbUbANfx1Ud7/h51nOQLEc22KnV\n2wIDAQAB\n-----END PUBLIC KEY-----\n",
            "rsa_bits": 2048
          },
          "sensitive_attributes": []
        }
      ]
    }
  ],
  "check_results": null
}
