{
  "version": 4,
  "terraform_version": "1.5.2",
  "serial": 393,
  "lineage": "f4d3a149-e8b8-1609-c62e-ca0418a862c5",
  "outputs": {
    "ami_id": {
      "value": "ami-0b9ecf71fe947bbdd",
      "type": "string"
    }
  },
  "resources": [
    {
      "mode": "data",
      "type": "aws_ami",
      "name": "MY_AMI_ID",
      "provider": "provider[\"registry.terraform.io/hashicorp/aws\"]",
      "instances": [
        {
          "schema_version": 0,
          "attributes": {
            "architecture": "x86_64",
            "arn": "arn:aws:ec2:ap-south-1::image/ami-0b9ecf71fe947bbdd",
            "block_device_mappings": [
              {
                "device_name": "/dev/xvda",
                "ebs": {
                  "delete_on_termination": "true",
                  "encrypted": "false",
                  "iops": "3000",
                  "snapshot_id": "snap-0209f039aa346f758",
                  "throughput": "125",
                  "volume_size": "8",
                  "volume_type": "gp3"
                },
                "no_device": "",
                "virtual_name": ""
              }
            ],
            "boot_mode": "uefi-preferred",
            "creation_date": "2023-06-28T15:47:17.000Z",
            "deprecation_time": "2023-09-26T15:47:00.000Z",
            "description": "Amazon Linux 2023 AMI 2023.1.20230629.0 x86_64 HVM kernel-6.1",
            "ena_support": true,
            "executable_users": null,
            "filter": [
              {
                "name": "name",
                "values": [
                  "al2023-ami-2023.1.20230629.0-kernel-6.1-x86_64"
                ]
              },
              {
                "name": "root-device-type",
                "values": [
                  "ebs"
                ]
              },
              {
                "name": "virtualization-type",
                "values": [
                  "hvm"
                ]
              }
            ],
            "hypervisor": "xen",
            "id": "ami-0b9ecf71fe947bbdd",
            "image_id": "ami-0b9ecf71fe947bbdd",
            "image_location": "amazon/al2023-ami-2023.1.20230629.0-kernel-6.1-x86_64",
            "image_owner_alias": "amazon",
            "image_type": "machine",
            "imds_support": "v2.0",
            "include_deprecated": false,
            "kernel_id": "",
            "most_recent": true,
            "name": "al2023-ami-2023.1.20230629.0-kernel-6.1-x86_64",
            "name_regex": null,
            "owner_id": "137112412989",
            "owners": [
              "137112412989"
            ],
            "platform": "",
            "platform_details": "Linux/UNIX",
            "product_codes": [],
            "public": true,
            "ramdisk_id": "",
            "root_device_name": "/dev/xvda",
            "root_device_type": "ebs",
            "root_snapshot_id": "snap-0209f039aa346f758",
            "sriov_net_support": "simple",
            "state": "available",
            "state_reason": {
              "code": "UNSET",
              "message": "UNSET"
            },
            "tags": {},
            "timeouts": null,
            "tpm_support": "",
            "usage_operation": "RunInstances",
            "virtualization_type": "hvm"
          },
          "sensitive_attributes": []
        }
      ]
    },
    {
      "mode": "managed",
      "type": "aws_instance",
      "name": "public-ec2",
      "provider": "provider[\"registry.terraform.io/hashicorp/aws\"]",
      "instances": [
        {
          "schema_version": 1,
          "attributes": {
            "ami": "ami-0b9ecf71fe947bbdd",
            "arn": "arn:aws:ec2:ap-south-1:278128687158:instance/i-0ea455156a1779227",
            "associate_public_ip_address": true,
            "availability_zone": "ap-south-1a",
            "capacity_reservation_specification": [
              {
                "capacity_reservation_preference": "open",
                "capacity_reservation_target": []
              }
            ],
            "cpu_core_count": 1,
            "cpu_options": [
              {
                "amd_sev_snp": "",
                "core_count": 1,
                "threads_per_core": 1
              }
            ],
            "cpu_threads_per_core": 1,
            "credit_specification": [
              {
                "cpu_credits": "standard"
              }
            ],
            "disable_api_stop": false,
            "disable_api_termination": false,
            "ebs_block_device": [],
            "ebs_optimized": false,
            "enclave_options": [
              {
                "enabled": false
              }
            ],
            "ephemeral_block_device": [],
            "get_password_data": false,
            "hibernation": false,
            "host_id": "",
            "host_resource_group_arn": null,
            "iam_instance_profile": "",
            "id": "i-0ea455156a1779227",
            "instance_initiated_shutdown_behavior": "stop",
            "instance_lifecycle": "",
            "instance_market_options": [],
            "instance_state": "running",
            "instance_type": "t2.micro",
            "ipv6_address_count": 0,
            "ipv6_addresses": [],
            "key_name": "TEST",
            "launch_template": [],
            "maintenance_options": [
              {
                "auto_recovery": "default"
              }
            ],
            "metadata_options": [
              {
                "http_endpoint": "enabled",
                "http_put_response_hop_limit": 2,
                "http_tokens": "required",
                "instance_metadata_tags": "disabled"
              }
            ],
            "monitoring": false,
            "network_interface": [],
            "outpost_arn": "",
            "password_data": "",
            "placement_group": "",
            "placement_partition_number": 0,
            "primary_network_interface_id": "eni-0bf608f852ccadd3b",
            "private_dns": "ip-10-0-0-209.ap-south-1.compute.internal",
            "private_dns_name_options": [
              {
                "enable_resource_name_dns_a_record": false,
                "enable_resource_name_dns_aaaa_record": false,
                "hostname_type": "ip-name"
              }
            ],
            "private_ip": "10.0.0.209",
            "public_dns": "ec2-13-126-109-180.ap-south-1.compute.amazonaws.com",
            "public_ip": "13.126.109.180",
            "root_block_device": [
              {
                "delete_on_termination": true,
                "device_name": "/dev/xvda",
                "encrypted": false,
                "iops": 3000,
                "kms_key_id": "",
                "tags": {},
                "throughput": 125,
                "volume_id": "vol-0f88568c828bc1b20",
                "volume_size": 8,
                "volume_type": "gp3"
              }
            ],
            "secondary_private_ips": [],
            "security_groups": [
              "sg-03424b54adb625236"
            ],
            "source_dest_check": true,
            "spot_instance_request_id": "",
            "subnet_id": "subnet-0e4c9187d9f457c09",
            "tags": {
              "Name": "EC2-PUBLIC"
            },
            "tags_all": {
              "Name": "EC2-PUBLIC"
            },
            "tenancy": "default",
            "timeouts": null,
            "user_data": null,
            "user_data_base64": null,
            "user_data_replace_on_change": false,
            "volume_tags": null,
            "vpc_security_group_ids": [
              "sg-03424b54adb625236"
            ]
          },
          "sensitive_attributes": [],
          "private": "eyJlMmJmYjczMC1lY2FhLTExZTYtOGY4OC0zNDM2M2JjN2M0YzAiOnsiY3JlYXRlIjo2MDAwMDAwMDAwMDAsImRlbGV0ZSI6MTIwMDAwMDAwMDAwMCwidXBkYXRlIjo2MDAwMDAwMDAwMDB9LCJzY2hlbWFfdmVyc2lvbiI6IjEifQ==",
          "dependencies": [
            "aws_security_group.ssh-security-grp",
            "aws_subnet.public-subnet-1",
            "aws_vpc.vpc",
            "data.aws_ami.MY_AMI_ID"
          ],
          "create_before_destroy": true
        }
      ]
    },
    {
      "mode": "managed",
      "type": "aws_internet_gateway",
      "name": "MY_IGW",
      "provider": "provider[\"registry.terraform.io/hashicorp/aws\"]",
      "instances": [
        {
          "schema_version": 0,
          "attributes": {
            "arn": "arn:aws:ec2:ap-south-1:278128687158:internet-gateway/igw-0d3b1382b12a21169",
            "id": "igw-0d3b1382b12a21169",
            "owner_id": "278128687158",
            "tags": {
              "Name": "my_gateway"
            },
            "tags_all": {
              "Name": "my_gateway"
            },
            "timeouts": null,
            "vpc_id": "vpc-0a4ebb62046893ec1"
          },
          "sensitive_attributes": [],
          "private": "eyJlMmJmYjczMC1lY2FhLTExZTYtOGY4OC0zNDM2M2JjN2M0YzAiOnsiY3JlYXRlIjoxMjAwMDAwMDAwMDAwLCJkZWxldGUiOjEyMDAwMDAwMDAwMDAsInVwZGF0ZSI6MTIwMDAwMDAwMDAwMH19",
          "dependencies": [
            "aws_vpc.vpc"
          ]
        }
      ]
    },
    {
      "mode": "managed",
      "type": "aws_key_pair",
      "name": "TEST",
      "provider": "provider[\"registry.terraform.io/hashicorp/aws\"]",
      "instances": [
        {
          "schema_version": 1,
          "attributes": {
            "arn": "arn:aws:ec2:ap-south-1:278128687158:key-pair/TEST",
            "fingerprint": "6d:e9:66:63:00:96:5a:e2:df:9e:4b:42:de:82:77:99",
            "id": "TEST",
            "key_name": "TEST",
            "key_name_prefix": "",
            "key_pair_id": "key-05bf86649e3010e56",
            "key_type": "rsa",
            "public_key": "ssh-rsa AAAAB3NzaC1yc2EAAAADAQABAAABAQDN6qt3M8Jq+XDx2tZ8t+V7m+qbZdMBEQ/crClbChu6ygMF/LMwUAq3667mWFO0XSUlR0s3PDbi/YGUjB5UE1WJu4TYd54IlCIQJpiBo3IVpaAzCpLJ0YY3bDMt9hA8HvW9uFxtU8AzC/BFHoJeCzh1fAAFSLRXBOlkqbh+7JtAXodWBJPx6vTCStP5Z9u2wAwR744diUaw02H9eqJE5fvQEuJFeqwN29EoiBMLZZwVXRg8sqnjNvYOMVNte1CK6BzcO8RKRwfQtNvhFNWeHwOWlnAPjwn19bJ7nPnHumLwTmwfWfBrMBACGoeyNsC50Gh12m9fAaR8e7TnsgfmEiiH",
            "tags": null,
            "tags_all": {}
          },
          "sensitive_attributes": [],
          "private": "eyJzY2hlbWFfdmVyc2lvbiI6IjEifQ==",
          "dependencies": [
            "tls_private_key.Tkey"
          ]
        }
      ]
    },
    {
      "mode": "managed",
      "type": "aws_route_table",
      "name": "Public-RT",
      "provider": "provider[\"registry.terraform.io/hashicorp/aws\"]",
      "instances": [
        {
          "schema_version": 0,
          "attributes": {
            "arn": "arn:aws:ec2:ap-south-1:278128687158:route-table/rtb-05e60c4909c6c2825",
            "id": "rtb-05e60c4909c6c2825",
            "owner_id": "278128687158",
            "propagating_vgws": [],
            "route": [
              {
                "carrier_gateway_id": "",
                "cidr_block": "0.0.0.0/0",
                "core_network_arn": "",
                "destination_prefix_list_id": "",
                "egress_only_gateway_id": "",
                "gateway_id": "igw-0d3b1382b12a21169",
                "ipv6_cidr_block": "",
                "local_gateway_id": "",
                "nat_gateway_id": "",
                "network_interface_id": "",
                "transit_gateway_id": "",
                "vpc_endpoint_id": "",
                "vpc_peering_connection_id": ""
              }
            ],
            "tags": {
              "Name": "Pub-route"
            },
            "tags_all": {
              "Name": "Pub-route"
            },
            "timeouts": null,
            "vpc_id": "vpc-0a4ebb62046893ec1"
          },
          "sensitive_attributes": [],
          "private": "eyJlMmJmYjczMC1lY2FhLTExZTYtOGY4OC0zNDM2M2JjN2M0YzAiOnsiY3JlYXRlIjozMDAwMDAwMDAwMDAsImRlbGV0ZSI6MzAwMDAwMDAwMDAwLCJ1cGRhdGUiOjEyMDAwMDAwMDAwMH19",
          "dependencies": [
            "aws_internet_gateway.MY_IGW",
            "aws_vpc.vpc"
          ]
        }
      ]
    },
    {
      "mode": "managed",
      "type": "aws_route_table_association",
      "name": "public-RT-assocation",
      "provider": "provider[\"registry.terraform.io/hashicorp/aws\"]",
      "instances": [
        {
          "schema_version": 0,
          "attributes": {
            "gateway_id": "",
            "id": "rtbassoc-09217892864f888f6",
            "route_table_id": "rtb-05e60c4909c6c2825",
            "subnet_id": "subnet-0e4c9187d9f457c09",
            "timeouts": null
          },
          "sensitive_attributes": [],
          "private": "eyJlMmJmYjczMC1lY2FhLTExZTYtOGY4OC0zNDM2M2JjN2M0YzAiOnsiY3JlYXRlIjozMDAwMDAwMDAwMDAsImRlbGV0ZSI6MzAwMDAwMDAwMDAwLCJ1cGRhdGUiOjEyMDAwMDAwMDAwMH19",
          "dependencies": [
            "aws_internet_gateway.MY_IGW",
            "aws_route_table.Public-RT",
            "aws_subnet.public-subnet-1",
            "aws_vpc.vpc"
          ]
        }
      ]
    },
    {
      "mode": "managed",
      "type": "aws_security_group",
      "name": "ssh-security-grp",
      "provider": "provider[\"registry.terraform.io/hashicorp/aws\"]",
      "instances": [
        {
          "schema_version": 1,
          "attributes": {
            "arn": "arn:aws:ec2:ap-south-1:278128687158:security-group/sg-03424b54adb625236",
            "description": "Enable SSH connection for Bastion",
            "egress": [
              {
                "cidr_blocks": [
                  "0.0.0.0/0"
                ],
                "description": "",
                "from_port": 0,
                "ipv6_cidr_blocks": [],
                "prefix_list_ids": [],
                "protocol": "-1",
                "security_groups": [],
                "self": false,
                "to_port": 0
              }
            ],
            "id": "sg-03424b54adb625236",
            "ingress": [
              {
                "cidr_blocks": [
                  "0.0.0.0/0"
                ],
                "description": "SSH Access",
                "from_port": 22,
                "ipv6_cidr_blocks": [],
                "prefix_list_ids": [],
                "protocol": "tcp",
                "security_groups": [],
                "self": false,
                "to_port": 22
              }
            ],
            "name": "SSh-security-grp-Bastion",
            "name_prefix": "",
            "owner_id": "278128687158",
            "revoke_rules_on_delete": false,
            "tags": {
              "Name": "SSh security Group"
            },
            "tags_all": {
              "Name": "SSh security Group"
            },
            "timeouts": null,
            "vpc_id": "vpc-0a4ebb62046893ec1"
          },
          "sensitive_attributes": [],
          "private": "eyJlMmJmYjczMC1lY2FhLTExZTYtOGY4OC0zNDM2M2JjN2M0YzAiOnsiY3JlYXRlIjo2MDAwMDAwMDAwMDAsImRlbGV0ZSI6OTAwMDAwMDAwMDAwfSwic2NoZW1hX3ZlcnNpb24iOiIxIn0=",
          "dependencies": [
            "aws_vpc.vpc"
          ],
          "create_before_destroy": true
        }
      ]
    },
    {
      "mode": "managed",
      "type": "aws_subnet",
      "name": "private-subnet-1",
      "provider": "provider[\"registry.terraform.io/hashicorp/aws\"]",
      "instances": [
        {
          "schema_version": 1,
          "attributes": {
            "arn": "arn:aws:ec2:ap-south-1:278128687158:subnet/subnet-077ce1aec8da4e141",
            "assign_ipv6_address_on_creation": false,
            "availability_zone": "ap-south-1b",
            "availability_zone_id": "aps1-az3",
            "cidr_block": "10.0.1.0/24",
            "customer_owned_ipv4_pool": "",
            "enable_dns64": false,
            "enable_lni_at_device_index": 0,
            "enable_resource_name_dns_a_record_on_launch": false,
            "enable_resource_name_dns_aaaa_record_on_launch": false,
            "id": "subnet-077ce1aec8da4e141",
            "ipv6_cidr_block": "",
            "ipv6_cidr_block_association_id": "",
            "ipv6_native": false,
            "map_customer_owned_ip_on_launch": false,
            "map_public_ip_on_launch": false,
            "outpost_arn": "",
            "owner_id": "278128687158",
            "private_dns_hostname_type_on_launch": "ip-name",
            "tags": {
              "Name": "Private-Sub"
            },
            "tags_all": {
              "Name": "Private-Sub"
            },
            "timeouts": null,
            "vpc_id": "vpc-0a4ebb62046893ec1"
          },
          "sensitive_attributes": [],
          "private": "eyJlMmJmYjczMC1lY2FhLTExZTYtOGY4OC0zNDM2M2JjN2M0YzAiOnsiY3JlYXRlIjo2MDAwMDAwMDAwMDAsImRlbGV0ZSI6MTIwMDAwMDAwMDAwMH0sInNjaGVtYV92ZXJzaW9uIjoiMSJ9",
          "dependencies": [
            "aws_vpc.vpc"
          ]
        }
      ]
    },
    {
      "mode": "managed",
      "type": "aws_subnet",
      "name": "public-subnet-1",
      "provider": "provider[\"registry.terraform.io/hashicorp/aws\"]",
      "instances": [
        {
          "schema_version": 1,
          "attributes": {
            "arn": "arn:aws:ec2:ap-south-1:278128687158:subnet/subnet-0e4c9187d9f457c09",
            "assign_ipv6_address_on_creation": false,
            "availability_zone": "ap-south-1a",
            "availability_zone_id": "aps1-az1",
            "cidr_block": "10.0.0.0/24",
            "customer_owned_ipv4_pool": "",
            "enable_dns64": false,
            "enable_lni_at_device_index": 0,
            "enable_resource_name_dns_a_record_on_launch": false,
            "enable_resource_name_dns_aaaa_record_on_launch": false,
            "id": "subnet-0e4c9187d9f457c09",
            "ipv6_cidr_block": "",
            "ipv6_cidr_block_association_id": "",
            "ipv6_native": false,
            "map_customer_owned_ip_on_launch": false,
            "map_public_ip_on_launch": true,
            "outpost_arn": "",
            "owner_id": "278128687158",
            "private_dns_hostname_type_on_launch": "ip-name",
            "tags": {
              "Name": "Pub-Sub-1"
            },
            "tags_all": {
              "Name": "Pub-Sub-1"
            },
            "timeouts": null,
            "vpc_id": "vpc-0a4ebb62046893ec1"
          },
          "sensitive_attributes": [],
          "private": "eyJlMmJmYjczMC1lY2FhLTExZTYtOGY4OC0zNDM2M2JjN2M0YzAiOnsiY3JlYXRlIjo2MDAwMDAwMDAwMDAsImRlbGV0ZSI6MTIwMDAwMDAwMDAwMH0sInNjaGVtYV92ZXJzaW9uIjoiMSJ9",
          "dependencies": [
            "aws_vpc.vpc"
          ],
          "create_before_destroy": true
        }
      ]
    },
    {
      "mode": "managed",
      "type": "aws_vpc",
      "name": "vpc",
      "provider": "provider[\"registry.terraform.io/hashicorp/aws\"]",
      "instances": [
        {
          "schema_version": 1,
          "attributes": {
            "arn": "arn:aws:ec2:ap-south-1:278128687158:vpc/vpc-0a4ebb62046893ec1",
            "assign_generated_ipv6_cidr_block": false,
            "cidr_block": "10.0.0.0/16",
            "default_network_acl_id": "acl-0178475df5821b1d4",
            "default_route_table_id": "rtb-0b2b7c80a8e0cc0f1",
            "default_security_group_id": "sg-0653c4c1c21978d7c",
            "dhcp_options_id": "dopt-0f09bc2f2c9f5d89e",
            "enable_dns_hostnames": true,
            "enable_dns_support": true,
            "enable_network_address_usage_metrics": false,
            "id": "vpc-0a4ebb62046893ec1",
            "instance_tenancy": "default",
            "ipv4_ipam_pool_id": null,
            "ipv4_netmask_length": null,
            "ipv6_association_id": "",
            "ipv6_cidr_block": "",
            "ipv6_cidr_block_network_border_group": "",
            "ipv6_ipam_pool_id": "",
            "ipv6_netmask_length": 0,
            "main_route_table_id": "rtb-0b2b7c80a8e0cc0f1",
            "owner_id": "278128687158",
            "tags": {
              "Name": "Test_vpc"
            },
            "tags_all": {
              "Name": "Test_vpc"
            }
          },
          "sensitive_attributes": [],
          "private": "eyJzY2hlbWFfdmVyc2lvbiI6IjEifQ==",
          "create_before_destroy": true
        }
      ]
    },
    {
      "mode": "managed",
      "type": "local_file",
      "name": "TF_key",
      "provider": "provider[\"registry.terraform.io/hashicorp/local\"]",
      "instances": [
        {
          "schema_version": 0,
          "attributes": {
            "content": "-----BEGIN RSA PRIVATE KEY-----\nMIIEogIBAAKCAQEAzeqrdzPCavlw8drWfLfle5vqm2XTAREP3KwpWwobusoDBfyz\nMFAKt+uu5lhTtF0lJUdLNzw24v2BlIweVBNVibuE2HeeCJQiECaYgaNyFaWgMwqS\nydGGN2wzLfYQPB71vbhcbVPAMwvwRR6CXgs4dXwABUi0VwTpZKm4fuybQF6HVgST\n8er0wkrT+WfbtsAMEe+OHYlGsNNh/XqiROX70BLiRXqsDdvRKIgTC2WcFV0YPLKp\n4zb2DjFTbXtQiugc3DvESkcH0LTb4RTVnh8DlpZwD48J9fWye5z5x7pi8E5sH1nw\nazAQAhqHsjbAudBoddpvXwGkfHu057IH5hIohwIDAQABAoIBAF6j0aTatCuIc8Gk\n69msh5t1QLGlbgJafijVM7i0/6Os/xC8YPr+fr6jYuJZjDckbFMi3k4Hrc5L50eH\n0tSfgjvoZJk8+PRGaRV1N7i1j1Slp+htnqOFWiOU5jzkj/eh3x4QYuKYkIilnwuV\nhyOEErHkiPnkvYYVKtPqMXKceoptVF3a//3Mj8g4z5darpPNlUZTO/F8cC85nv3B\nCtuBRekl6lREi0wr29bbo2oXwDCVtJj/3hvbrNBB2DYUQ3yZLAbCLf9qVAQnlOrt\nUEXopw5UAppNjo+4xqT5p5VdfJbR9mokNnT0B4juzlaBr8RZ9KWIJuNGp9QvWSkM\n3Ds1nfkCgYEA162E4GU3G31rgUJ//DzEMLdZSpUGeAtuewSqP4By1qAwiJZVbCC1\njCzqoB/Pbt5RhpdlA3QJ7S4J1pWaAfUt42RGJZasxU8sSlK6dIWtSbPpTLVGt/3I\n6QwUysQ/bjNxx7CT0K2xDrB4PmRb640YSSEtU2CG/VLlhH+HIAQ4hZMCgYEA9Gn6\nB5CBYofU1A9ncb/lSow5wgBlN1/QZXxT/QvKLArN5cXDN4GXtvl+pWGlRL79CuD0\nSBsJgL8wd5mafx2azoIy9a0DVqLaafI3B679FdzE17EBZ73cLcCK2ylpNdrZsO8W\nWZeEqU++hsIURFm5XP7p+du0chZTiVz1CVEhKb0CgYBaL0h8vFYKvKsTZcc2pgIz\njLddpGsMD1unPRAjdYaPkHQ66QHXMOY5Mx74zdRjO7tDWFL42rC76KBchjnbz7Xc\ne7WJSjP8XVrbyTQGPU90njJTzQlBLnGwYUjgcKdFYWWWZpOokriSt9/P1w9Is7sP\n+TuGvbo0e1FV0i2iiaFI2QKBgFvw5bIkxNcYu5HN/Z7HjexeFXgKCAktjMowW7PL\n1JB+u/dcTlQ59qVI80ApHC9hHPUTrDDXotqAkS3cZUa+DzbxuVO7co8Lkdfa2qKU\nS/YGZzGwDxREUmgPjuxkhoRQwCUTuzeWjLvYGJa+uTsA+X6nEcMAx79G8MOyaSbJ\nEw2NAoGAWo9O/X+pHk1bjpct/Quxa/dMn7sfLMbOVyP2eGcMS+PWXX35eJRE/srN\n1+GIt3QTq5oJAf0DyJUY/ebJJ2AgBVCDIfJcQFlS+H1tXC2p5IyvyPDVOjruCARR\np7QC61s9IrDOzrXv/2K54t2NFn0XccoMv31DqBZgyJdp6oYDgiE=\n-----END RSA PRIVATE KEY-----\n",
            "content_base64": null,
            "content_base64sha256": "DhYsvXiozrh4fjQHcc+mAyY9GYQzZu+4ITi+wKSlu7I=",
            "content_base64sha512": "VssLqokvfsBm87XKt0WdG8X3pmyB00e8CT+k9vTmwZJA0uNEe+J/9HrLQdFRP//kQWBCeOfIx+ciHBNFqoi6Uw==",
            "content_md5": "9ccb230850b2faa6c1979bf58f3ba05d",
            "content_sha1": "bb0f9a71d6e2e68482b644baf90d70031a1de7b8",
            "content_sha256": "0e162cbd78a8ceb8787e340771cfa603263d19843366efb82138bec0a4a5bbb2",
            "content_sha512": "56cb0baa892f7ec066f3b5cab7459d1bc5f7a66c81d347bc093fa4f6f4e6c19240d2e3447be27ff47acb41d1513fffe441604278e7c8c7e7221c1345aa88ba53",
            "directory_permission": "0777",
            "file_permission": "0400",
            "filename": "Tkey",
            "id": "bb0f9a71d6e2e68482b644baf90d70031a1de7b8",
            "sensitive_content": null,
            "source": null
          },
          "sensitive_attributes": [
            [
              {
                "type": "get_attr",
                "value": "content"
              }
            ]
          ],
          "dependencies": [
            "tls_private_key.Tkey"
          ]
        }
      ]
    },
    {
      "mode": "managed",
      "type": "tls_private_key",
      "name": "Tkey",
      "provider": "provider[\"registry.terraform.io/hashicorp/tls\"]",
      "instances": [
        {
          "schema_version": 1,
          "attributes": {
            "algorithm": "RSA",
            "ecdsa_curve": "P224",
            "id": "82386c9e64f92056d9682cbd4e57cd092e177ad4",
            "private_key_openssh": "-----BEGIN OPENSSH PRIVATE KEY-----\nb3BlbnNzaC1rZXktdjEAAAAABG5vbmUAAAAEbm9uZQAAAAAAAAABAAABFwAAAAdz\nc2gtcnNhAAAAAwEAAQAAAQEAzeqrdzPCavlw8drWfLfle5vqm2XTAREP3KwpWwob\nusoDBfyzMFAKt+uu5lhTtF0lJUdLNzw24v2BlIweVBNVibuE2HeeCJQiECaYgaNy\nFaWgMwqSydGGN2wzLfYQPB71vbhcbVPAMwvwRR6CXgs4dXwABUi0VwTpZKm4fuyb\nQF6HVgST8er0wkrT+WfbtsAMEe+OHYlGsNNh/XqiROX70BLiRXqsDdvRKIgTC2Wc\nFV0YPLKp4zb2DjFTbXtQiugc3DvESkcH0LTb4RTVnh8DlpZwD48J9fWye5z5x7pi\n8E5sH1nwazAQAhqHsjbAudBoddpvXwGkfHu057IH5hIohwAAA7gdcVASHXFQEgAA\nAAdzc2gtcnNhAAABAQDN6qt3M8Jq+XDx2tZ8t+V7m+qbZdMBEQ/crClbChu6ygMF\n/LMwUAq3667mWFO0XSUlR0s3PDbi/YGUjB5UE1WJu4TYd54IlCIQJpiBo3IVpaAz\nCpLJ0YY3bDMt9hA8HvW9uFxtU8AzC/BFHoJeCzh1fAAFSLRXBOlkqbh+7JtAXodW\nBJPx6vTCStP5Z9u2wAwR744diUaw02H9eqJE5fvQEuJFeqwN29EoiBMLZZwVXRg8\nsqnjNvYOMVNte1CK6BzcO8RKRwfQtNvhFNWeHwOWlnAPjwn19bJ7nPnHumLwTmwf\nWfBrMBACGoeyNsC50Gh12m9fAaR8e7TnsgfmEiiHAAAAAwEAAQAAAQBeo9Gk2rQr\niHPBpOvZrIebdUCxpW4CWn4o1TO4tP+jrP8QvGD6/n6+o2LiWYw3JGxTIt5OB63O\nS+dHh9LUn4I76GSZPPj0RmkVdTe4tY9UpafobZ6jhVojlOY85I/3od8eEGLimJCI\npZ8LlYcjhBKx5Ij55L2GFSrT6jFynHqKbVRd2v/9zI/IOM+XWq6TzZVGUzvxfHAv\nOZ79wQrbgUXpJepURItMK9vW26NqF8AwlbSY/94b26zQQdg2FEN8mSwGwi3/alQE\nJ5Tq7VBF6KcOVAKaTY6PuMak+aeVXXyW0fZqJDZ09AeI7s5Wga/EWfSliCbjRqfU\nL1kpDNw7NZ35AAAAgFqPTv1/qR5NW46XLf0LsWv3TJ+7HyzGzlcj9nhnDEvj1l19\n+XiURP7KzdfhiLd0E6uaCQH9A8iVGP3mySdgIAVQgyHyXEBZUvh9bVwtqeSMr8jw\n1To67ggEUae0AutbPSKwzs617/9iueLdjRZ9F3HKDL99Q6gWYMiXaeqGA4IhAAAA\ngQDXrYTgZTcbfWuBQn/8PMQwt1lKlQZ4C257BKo/gHLWoDCIllVsILWMLOqgH89u\n3lGGl2UDdAntLgnWlZoB9S3jZEYllqzFTyxKUrp0ha1Js+lMtUa3/cjpDBTKxD9u\nM3HHsJPQrbEOsHg+ZFvrjRhJIS1TYIb9UuWEf4cgBDiFkwAAAIEA9Gn6B5CBYofU\n1A9ncb/lSow5wgBlN1/QZXxT/QvKLArN5cXDN4GXtvl+pWGlRL79CuD0SBsJgL8w\nd5mafx2azoIy9a0DVqLaafI3B679FdzE17EBZ73cLcCK2ylpNdrZsO8WWZeEqU++\nhsIURFm5XP7p+du0chZTiVz1CVEhKb0AAAAAAQID\n-----END OPENSSH PRIVATE KEY-----\n",
            "private_key_pem": "-----BEGIN RSA PRIVATE KEY-----\nMIIEogIBAAKCAQEAzeqrdzPCavlw8drWfLfle5vqm2XTAREP3KwpWwobusoDBfyz\nMFAKt+uu5lhTtF0lJUdLNzw24v2BlIweVBNVibuE2HeeCJQiECaYgaNyFaWgMwqS\nydGGN2wzLfYQPB71vbhcbVPAMwvwRR6CXgs4dXwABUi0VwTpZKm4fuybQF6HVgST\n8er0wkrT+WfbtsAMEe+OHYlGsNNh/XqiROX70BLiRXqsDdvRKIgTC2WcFV0YPLKp\n4zb2DjFTbXtQiugc3DvESkcH0LTb4RTVnh8DlpZwD48J9fWye5z5x7pi8E5sH1nw\nazAQAhqHsjbAudBoddpvXwGkfHu057IH5hIohwIDAQABAoIBAF6j0aTatCuIc8Gk\n69msh5t1QLGlbgJafijVM7i0/6Os/xC8YPr+fr6jYuJZjDckbFMi3k4Hrc5L50eH\n0tSfgjvoZJk8+PRGaRV1N7i1j1Slp+htnqOFWiOU5jzkj/eh3x4QYuKYkIilnwuV\nhyOEErHkiPnkvYYVKtPqMXKceoptVF3a//3Mj8g4z5darpPNlUZTO/F8cC85nv3B\nCtuBRekl6lREi0wr29bbo2oXwDCVtJj/3hvbrNBB2DYUQ3yZLAbCLf9qVAQnlOrt\nUEXopw5UAppNjo+4xqT5p5VdfJbR9mokNnT0B4juzlaBr8RZ9KWIJuNGp9QvWSkM\n3Ds1nfkCgYEA162E4GU3G31rgUJ//DzEMLdZSpUGeAtuewSqP4By1qAwiJZVbCC1\njCzqoB/Pbt5RhpdlA3QJ7S4J1pWaAfUt42RGJZasxU8sSlK6dIWtSbPpTLVGt/3I\n6QwUysQ/bjNxx7CT0K2xDrB4PmRb640YSSEtU2CG/VLlhH+HIAQ4hZMCgYEA9Gn6\nB5CBYofU1A9ncb/lSow5wgBlN1/QZXxT/QvKLArN5cXDN4GXtvl+pWGlRL79CuD0\nSBsJgL8wd5mafx2azoIy9a0DVqLaafI3B679FdzE17EBZ73cLcCK2ylpNdrZsO8W\nWZeEqU++hsIURFm5XP7p+du0chZTiVz1CVEhKb0CgYBaL0h8vFYKvKsTZcc2pgIz\njLddpGsMD1unPRAjdYaPkHQ66QHXMOY5Mx74zdRjO7tDWFL42rC76KBchjnbz7Xc\ne7WJSjP8XVrbyTQGPU90njJTzQlBLnGwYUjgcKdFYWWWZpOokriSt9/P1w9Is7sP\n+TuGvbo0e1FV0i2iiaFI2QKBgFvw5bIkxNcYu5HN/Z7HjexeFXgKCAktjMowW7PL\n1JB+u/dcTlQ59qVI80ApHC9hHPUTrDDXotqAkS3cZUa+DzbxuVO7co8Lkdfa2qKU\nS/YGZzGwDxREUmgPjuxkhoRQwCUTuzeWjLvYGJa+uTsA+X6nEcMAx79G8MOyaSbJ\nEw2NAoGAWo9O/X+pHk1bjpct/Quxa/dMn7sfLMbOVyP2eGcMS+PWXX35eJRE/srN\n1+GIt3QTq5oJAf0DyJUY/ebJJ2AgBVCDIfJcQFlS+H1tXC2p5IyvyPDVOjruCARR\np7QC61s9IrDOzrXv/2K54t2NFn0XccoMv31DqBZgyJdp6oYDgiE=\n-----END RSA PRIVATE KEY-----\n",
            "private_key_pem_pkcs8": "-----BEGIN PRIVATE KEY-----\nMIIEvAIBADANBgkqhkiG9w0BAQEFAASCBKYwggSiAgEAAoIBAQDN6qt3M8Jq+XDx\n2tZ8t+V7m+qbZdMBEQ/crClbChu6ygMF/LMwUAq3667mWFO0XSUlR0s3PDbi/YGU\njB5UE1WJu4TYd54IlCIQJpiBo3IVpaAzCpLJ0YY3bDMt9hA8HvW9uFxtU8AzC/BF\nHoJeCzh1fAAFSLRXBOlkqbh+7JtAXodWBJPx6vTCStP5Z9u2wAwR744diUaw02H9\neqJE5fvQEuJFeqwN29EoiBMLZZwVXRg8sqnjNvYOMVNte1CK6BzcO8RKRwfQtNvh\nFNWeHwOWlnAPjwn19bJ7nPnHumLwTmwfWfBrMBACGoeyNsC50Gh12m9fAaR8e7Tn\nsgfmEiiHAgMBAAECggEAXqPRpNq0K4hzwaTr2ayHm3VAsaVuAlp+KNUzuLT/o6z/\nELxg+v5+vqNi4lmMNyRsUyLeTgetzkvnR4fS1J+CO+hkmTz49EZpFXU3uLWPVKWn\n6G2eo4VaI5TmPOSP96HfHhBi4piQiKWfC5WHI4QSseSI+eS9hhUq0+oxcpx6im1U\nXdr//cyPyDjPl1quk82VRlM78XxwLzme/cEK24FF6SXqVESLTCvb1tujahfAMJW0\nmP/eG9us0EHYNhRDfJksBsIt/2pUBCeU6u1QReinDlQCmk2Oj7jGpPmnlV18ltH2\naiQ2dPQHiO7OVoGvxFn0pYgm40an1C9ZKQzcOzWd+QKBgQDXrYTgZTcbfWuBQn/8\nPMQwt1lKlQZ4C257BKo/gHLWoDCIllVsILWMLOqgH89u3lGGl2UDdAntLgnWlZoB\n9S3jZEYllqzFTyxKUrp0ha1Js+lMtUa3/cjpDBTKxD9uM3HHsJPQrbEOsHg+ZFvr\njRhJIS1TYIb9UuWEf4cgBDiFkwKBgQD0afoHkIFih9TUD2dxv+VKjDnCAGU3X9Bl\nfFP9C8osCs3lxcM3gZe2+X6lYaVEvv0K4PRIGwmAvzB3mZp/HZrOgjL1rQNWotpp\n8jcHrv0V3MTXsQFnvdwtwIrbKWk12tmw7xZZl4SpT76GwhREWblc/un527RyFlOJ\nXPUJUSEpvQKBgFovSHy8Vgq8qxNlxzamAjOMt12kawwPW6c9ECN1ho+QdDrpAdcw\n5jkzHvjN1GM7u0NYUvjasLvooFyGOdvPtdx7tYlKM/xdWtvJNAY9T3SeMlPNCUEu\ncbBhSOBwp0VhZZZmk6iSuJK338/XD0izuw/5O4a9ujR7UVXSLaKJoUjZAoGAW/Dl\nsiTE1xi7kc39nseN7F4VeAoICS2MyjBbs8vUkH6791xOVDn2pUjzQCkcL2Ec9ROs\nMNei2oCRLdxlRr4PNvG5U7tyjwuR19raopRL9gZnMbAPFERSaA+O7GSGhFDAJRO7\nN5aMu9gYlr65OwD5fqcRwwDHv0bww7JpJskTDY0CgYBaj079f6keTVuOly39C7Fr\n90yfux8sxs5XI/Z4ZwxL49Zdffl4lET+ys3X4Yi3dBOrmgkB/QPIlRj95sknYCAF\nUIMh8lxAWVL4fW1cLankjK/I8NU6Ou4IBFGntALrWz0isM7Ote//Yrni3Y0WfRdx\nygy/fUOoFmDIl2nqhgOCIQ==\n-----END PRIVATE KEY-----\n",
            "public_key_fingerprint_md5": "16:f9:d8:71:89:5e:14:95:34:06:38:c3:c3:02:e8:7f",
            "public_key_fingerprint_sha256": "SHA256:GW8B6QxZY+Ie+a9VCHug9MDpbI3MjZGeGDRqOEjKGA0",
            "public_key_openssh": "ssh-rsa AAAAB3NzaC1yc2EAAAADAQABAAABAQDN6qt3M8Jq+XDx2tZ8t+V7m+qbZdMBEQ/crClbChu6ygMF/LMwUAq3667mWFO0XSUlR0s3PDbi/YGUjB5UE1WJu4TYd54IlCIQJpiBo3IVpaAzCpLJ0YY3bDMt9hA8HvW9uFxtU8AzC/BFHoJeCzh1fAAFSLRXBOlkqbh+7JtAXodWBJPx6vTCStP5Z9u2wAwR744diUaw02H9eqJE5fvQEuJFeqwN29EoiBMLZZwVXRg8sqnjNvYOMVNte1CK6BzcO8RKRwfQtNvhFNWeHwOWlnAPjwn19bJ7nPnHumLwTmwfWfBrMBACGoeyNsC50Gh12m9fAaR8e7TnsgfmEiiH\n",
            "public_key_pem": "-----BEGIN PUBLIC KEY-----\nMIIBIjANBgkqhkiG9w0BAQEFAAOCAQ8AMIIBCgKCAQEAzeqrdzPCavlw8drWfLfl\ne5vqm2XTAREP3KwpWwobusoDBfyzMFAKt+uu5lhTtF0lJUdLNzw24v2BlIweVBNV\nibuE2HeeCJQiECaYgaNyFaWgMwqSydGGN2wzLfYQPB71vbhcbVPAMwvwRR6CXgs4\ndXwABUi0VwTpZKm4fuybQF6HVgST8er0wkrT+WfbtsAMEe+OHYlGsNNh/XqiROX7\n0BLiRXqsDdvRKIgTC2WcFV0YPLKp4zb2DjFTbXtQiugc3DvESkcH0LTb4RTVnh8D\nlpZwD48J9fWye5z5x7pi8E5sH1nwazAQAhqHsjbAudBoddpvXwGkfHu057IH5hIo\nhwIDAQAB\n-----END PUBLIC KEY-----\n",
            "rsa_bits": 2048
          },
          "sensitive_attributes": []
        }
      ]
    }
  ],
  "check_results": null
}
